
Microsoft Visual Studio Solution File, Format Version 12.00
# Visual Studio 14
VisualStudioVersion = 14.0.25123.0
MinimumVisualStudioVersion = 10.0.40219.1
Project("{FAE04EC0-301F-11D3-BF4B-00C04F79EFBC}") = "Sample", "Sample.csproj", "{272748D9-386A-4603-8671-3E6FEB4D356C}"
EndProject
Project("{8BC9CEB8-8B4A-11D0-8D11-00A0C91BC942}") = "LibFaceDetect", "..\DetectionManagedLib\LibFaceDetect.vcxproj", "{8367CBB3-F55E-473B-9D3E-814A8BC38B19}"
EndProject
Project("{8BC9CEB8-8B4A-11D0-8D11-00A0C91BC942}") = "jpeg-6b", "..\faceDetect\jpeg-6b\jpeg-6b.vcxproj", "{4E15F51B-7EBA-43FE-A1F2-36CF8A923FD7}"
EndProject
Project("{FAE04EC0-301F-11D3-BF4B-00C04F79EFBC}") = "CommandLineDemo", "CommandLineDemo\CommandLineDemo.csproj", "{231E341A-A86A-48D8-BF2F-6BB5C6E4EEE3}"
EndProject
Project("{FAE04EC0-301F-11D3-BF4B-00C04F79EFBC}") = "FaceMerge", "..\FaceMerge\FaceMerge.csproj", "{B3817183-2D30-4A13-A60B-A77AD6C1D98F}"
EndProject
Project("{8BC9CEB8-8B4A-11D0-8D11-00A0C91BC942}") = "EyeDetect", "..\EyeDetect\EyeDetect.vcxproj", "{E3278D97-9BCD-428D-B585-2F2E785314DB}"
	ProjectSection(ProjectDependencies) = postProject
		{D0004613-5E6E-4112-8CD3-E0656E48CCA9} = {D0004613-5E6E-4112-8CD3-E0656E48CCA9}
	EndProjectSection
EndProject
Project("{8BC9CEB8-8B4A-11D0-8D11-00A0C91BC942}") = "nnRunTime", "..\..\tools\nnTcl\nnRunTime\nnRunTime.vcxproj", "{D0004613-5E6E-4112-8CD3-E0656E48CCA9}"
EndProject
Project("{FAE04EC0-301F-11D3-BF4B-00C04F79EFBC}") = "GenPositionData", "..\GenPositionData\GenPositionData.csproj", "{615BFEA7-C826-4799-88CE-F2E57CF5325F}"
EndProject
Project("{FAE04EC0-301F-11D3-BF4B-00C04F79EFBC}") = "Writer", "..\..\tools\nnTcl\TrainData\Writer\Writer.csproj", "{0C57E07C-0E4A-4599-ABC2-5DC464691CFF}"
EndProject
Project("{FAE04EC0-301F-11D3-BF4B-00C04F79EFBC}") = "FaceSortUI", "..\FaceSortUI\FaceSortUI.csproj", "{7F9578B9-30C4-4E97-B85B-B2CA84681B78}"
EndProject
Project("{FAE04EC0-301F-11D3-BF4B-00C04F79EFBC}") = "faceDisp", "..\faceDisp\faceDisp.csproj", "{41573BED-3EE6-4FBB-9CB6-865647C1DB42}"
EndProject
Project("{2150E333-8FDC-42A3-9474-1A3956D46DE8}") = "ImageLibs", "ImageLibs", "{D3407CDE-AA93-4B86-B8B4-C98708A6C708}"
EndProject
Project("{FAE04EC0-301F-11D3-BF4B-00C04F79EFBC}") = "LibImage", "..\ImageLibs\LibImage\LibImage.csproj", "{088B2327-1594-4762-ADF9-409738344854}"
EndProject
Project("{FAE04EC0-301F-11D3-BF4B-00C04F79EFBC}") = "LibMath", "..\ImageLibs\LibMath\LibMath.csproj", "{68C6A24A-D428-4D21-83A1-26740D36DC21}"
EndProject
Project("{FAE04EC0-301F-11D3-BF4B-00C04F79EFBC}") = "LibUtility", "..\ImageLibs\LibUtility\LibUtility.csproj", "{474B9FC5-A29A-4C38-B96A-C82B4E5130BD}"
EndProject
Project("{FAE04EC0-301F-11D3-BF4B-00C04F79EFBC}") = "LibFaceData", "..\LibFaceData\LibFaceData.csproj", "{6DA20DBA-514F-408A-9C57-B367ACEEE173}"
EndProject
Global
	GlobalSection(SolutionConfigurationPlatforms) = preSolution
		Debug|Any CPU = Debug|Any CPU
		Debug|Mixed Platforms = Debug|Mixed Platforms
		Debug|Win32 = Debug|Win32
		Debug|x64 = Debug|x64
		Debug|x86 = Debug|x86
		Release|Any CPU = Release|Any CPU
		Release|Mixed Platforms = Release|Mixed Platforms
		Release|Win32 = Release|Win32
		Release|x64 = Release|x64
		Release|x86 = Release|x86
		Writing|Any CPU = Writing|Any CPU
		Writing|Mixed Platforms = Writing|Mixed Platforms
		Writing|Win32 = Writing|Win32
		Writing|x64 = Writing|x64
		Writing|x86 = Writing|x86
	EndGlobalSection
	GlobalSection(ProjectConfigurationPlatforms) = postSolution
		{272748D9-386A-4603-8671-3E6FEB4D356C}.Debug|Any CPU.ActiveCfg = Debug|Any CPU
		{272748D9-386A-4603-8671-3E6FEB4D356C}.Debug|Any CPU.Build.0 = Debug|Any CPU
		{272748D9-386A-4603-8671-3E6FEB4D356C}.Debug|Mixed Platforms.ActiveCfg = Debug|Any CPU
		{272748D9-386A-4603-8671-3E6FEB4D356C}.Debug|Mixed Platforms.Build.0 = Debug|Any CPU
		{272748D9-386A-4603-8671-3E6FEB4D356C}.Debug|Win32.ActiveCfg = Debug|x86
		{272748D9-386A-4603-8671-3E6FEB4D356C}.Debug|Win32.Build.0 = Debug|x86
		{272748D9-386A-4603-8671-3E6FEB4D356C}.Debug|x64.ActiveCfg = Debug|x64
		{272748D9-386A-4603-8671-3E6FEB4D356C}.Debug|x64.Build.0 = Debug|x64
		{272748D9-386A-4603-8671-3E6FEB4D356C}.Debug|x86.ActiveCfg = Debug|x86
		{272748D9-386A-4603-8671-3E6FEB4D356C}.Debug|x86.Build.0 = Debug|x86
		{272748D9-386A-4603-8671-3E6FEB4D356C}.Release|Any CPU.ActiveCfg = Release|Any CPU
		{272748D9-386A-4603-8671-3E6FEB4D356C}.Release|Any CPU.Build.0 = Release|Any CPU
		{272748D9-386A-4603-8671-3E6FEB4D356C}.Release|Mixed Platforms.ActiveCfg = Release|Any CPU
		{272748D9-386A-4603-8671-3E6FEB4D356C}.Release|Mixed Platforms.Build.0 = Release|Any CPU
		{272748D9-386A-4603-8671-3E6FEB4D356C}.Release|Win32.ActiveCfg = Release|x86
		{272748D9-386A-4603-8671-3E6FEB4D356C}.Release|Win32.Build.0 = Release|x86
		{272748D9-386A-4603-8671-3E6FEB4D356C}.Release|x64.ActiveCfg = Release|Any CPU
		{272748D9-386A-4603-8671-3E6FEB4D356C}.Release|x64.Build.0 = Release|Any CPU
		{272748D9-386A-4603-8671-3E6FEB4D356C}.Release|x86.ActiveCfg = Release|x86
		{272748D9-386A-4603-8671-3E6FEB4D356C}.Release|x86.Build.0 = Release|x86
		{272748D9-386A-4603-8671-3E6FEB4D356C}.Writing|Any CPU.ActiveCfg = Release|Any CPU
		{272748D9-386A-4603-8671-3E6FEB4D356C}.Writing|Any CPU.Build.0 = Release|Any CPU
		{272748D9-386A-4603-8671-3E6FEB4D356C}.Writing|Mixed Platforms.ActiveCfg = Release|x86
		{272748D9-386A-4603-8671-3E6FEB4D356C}.Writing|Mixed Platforms.Build.0 = Release|x86
		{272748D9-386A-4603-8671-3E6FEB4D356C}.Writing|Win32.ActiveCfg = Release|x86
		{272748D9-386A-4603-8671-3E6FEB4D356C}.Writing|Win32.Build.0 = Release|x86
		{272748D9-386A-4603-8671-3E6FEB4D356C}.Writing|x64.ActiveCfg = Release|Any CPU
		{272748D9-386A-4603-8671-3E6FEB4D356C}.Writing|x64.Build.0 = Release|Any CPU
		{272748D9-386A-4603-8671-3E6FEB4D356C}.Writing|x86.ActiveCfg = Release|x86
		{272748D9-386A-4603-8671-3E6FEB4D356C}.Writing|x86.Build.0 = Release|x86
		{8367CBB3-F55E-473B-9D3E-814A8BC38B19}.Debug|Any CPU.ActiveCfg = Debug|Win32
		{8367CBB3-F55E-473B-9D3E-814A8BC38B19}.Debug|Any CPU.Build.0 = Debug|Win32
		{8367CBB3-F55E-473B-9D3E-814A8BC38B19}.Debug|Mixed Platforms.ActiveCfg = Debug|Win32
		{8367CBB3-F55E-473B-9D3E-814A8BC38B19}.Debug|Mixed Platforms.Build.0 = Debug|Win32
		{8367CBB3-F55E-473B-9D3E-814A8BC38B19}.Debug|Win32.ActiveCfg = Debug|Win32
		{8367CBB3-F55E-473B-9D3E-814A8BC38B19}.Debug|Win32.Build.0 = Debug|Win32
		{8367CBB3-F55E-473B-9D3E-814A8BC38B19}.Debug|x64.ActiveCfg = Debug|x64
		{8367CBB3-F55E-473B-9D3E-814A8BC38B19}.Debug|x64.Build.0 = Debug|x64
		{8367CBB3-F55E-473B-9D3E-814A8BC38B19}.Debug|x86.ActiveCfg = Debug|Win32
		{8367CBB3-F55E-473B-9D3E-814A8BC38B19}.Debug|x86.Build.0 = Debug|Win32
		{8367CBB3-F55E-473B-9D3E-814A8BC38B19}.Release|Any CPU.ActiveCfg = Release|Win32
		{8367CBB3-F55E-473B-9D3E-814A8BC38B19}.Release|Any CPU.Build.0 = Release|Win32
		{8367CBB3-F55E-473B-9D3E-814A8BC38B19}.Release|Mixed Platforms.ActiveCfg = Release|Win32
		{8367CBB3-F55E-473B-9D3E-814A8BC38B19}.Release|Mixed Platforms.Build.0 = Release|Win32
		{8367CBB3-F55E-473B-9D3E-814A8BC38B19}.Release|Win32.ActiveCfg = Release|Win32
		{8367CBB3-F55E-473B-9D3E-814A8BC38B19}.Release|Win32.Build.0 = Release|Win32
		{8367CBB3-F55E-473B-9D3E-814A8BC38B19}.Release|x64.ActiveCfg = Release|x64
		{8367CBB3-F55E-473B-9D3E-814A8BC38B19}.Release|x64.Build.0 = Release|x64
		{8367CBB3-F55E-473B-9D3E-814A8BC38B19}.Release|x86.ActiveCfg = Release|Win32
		{8367CBB3-F55E-473B-9D3E-814A8BC38B19}.Release|x86.Build.0 = Release|Win32
		{8367CBB3-F55E-473B-9D3E-814A8BC38B19}.Writing|Any CPU.ActiveCfg = Release|x64
		{8367CBB3-F55E-473B-9D3E-814A8BC38B19}.Writing|Any CPU.Build.0 = Release|x64
		{8367CBB3-F55E-473B-9D3E-814A8BC38B19}.Writing|Mixed Platforms.ActiveCfg = Release|Win32
		{8367CBB3-F55E-473B-9D3E-814A8BC38B19}.Writing|Mixed Platforms.Build.0 = Release|Win32
		{8367CBB3-F55E-473B-9D3E-814A8BC38B19}.Writing|Win32.ActiveCfg = Release|Win32
		{8367CBB3-F55E-473B-9D3E-814A8BC38B19}.Writing|Win32.Build.0 = Release|Win32
		{8367CBB3-F55E-473B-9D3E-814A8BC38B19}.Writing|x64.ActiveCfg = Release|x64
		{8367CBB3-F55E-473B-9D3E-814A8BC38B19}.Writing|x64.Build.0 = Release|x64
		{8367CBB3-F55E-473B-9D3E-814A8BC38B19}.Writing|x86.ActiveCfg = Release|Win32
		{8367CBB3-F55E-473B-9D3E-814A8BC38B19}.Writing|x86.Build.0 = Release|Win32
		{4E15F51B-7EBA-43FE-A1F2-36CF8A923FD7}.Debug|Any CPU.ActiveCfg = Debug|Win32
		{4E15F51B-7EBA-43FE-A1F2-36CF8A923FD7}.Debug|Any CPU.Build.0 = Debug|Win32
		{4E15F51B-7EBA-43FE-A1F2-36CF8A923FD7}.Debug|Mixed Platforms.ActiveCfg = Debug|Win32
		{4E15F51B-7EBA-43FE-A1F2-36CF8A923FD7}.Debug|Mixed Platforms.Build.0 = Debug|Win32
		{4E15F51B-7EBA-43FE-A1F2-36CF8A923FD7}.Debug|Win32.ActiveCfg = Debug|Win32
		{4E15F51B-7EBA-43FE-A1F2-36CF8A923FD7}.Debug|Win32.Build.0 = Debug|Win32
		{4E15F51B-7EBA-43FE-A1F2-36CF8A923FD7}.Debug|x64.ActiveCfg = Debug|x64
		{4E15F51B-7EBA-43FE-A1F2-36CF8A923FD7}.Debug|x64.Build.0 = Debug|x64
		{4E15F51B-7EBA-43FE-A1F2-36CF8A923FD7}.Debug|x86.ActiveCfg = Debug|Win32
		{4E15F51B-7EBA-43FE-A1F2-36CF8A923FD7}.Debug|x86.Build.0 = Debug|Win32
		{4E15F51B-7EBA-43FE-A1F2-36CF8A923FD7}.Release|Any CPU.ActiveCfg = Release|Win32
		{4E15F51B-7EBA-43FE-A1F2-36CF8A923FD7}.Release|Any CPU.Build.0 = Release|Win32
		{4E15F51B-7EBA-43FE-A1F2-36CF8A923FD7}.Release|Mixed Platforms.ActiveCfg = Release|Win32
		{4E15F51B-7EBA-43FE-A1F2-36CF8A923FD7}.Release|Mixed Platforms.Build.0 = Release|Win32
		{4E15F51B-7EBA-43FE-A1F2-36CF8A923FD7}.Release|Win32.ActiveCfg = Release|Win32
		{4E15F51B-7EBA-43FE-A1F2-36CF8A923FD7}.Release|Win32.Build.0 = Release|Win32
		{4E15F51B-7EBA-43FE-A1F2-36CF8A923FD7}.Release|x64.ActiveCfg = Release|x64
		{4E15F51B-7EBA-43FE-A1F2-36CF8A923FD7}.Release|x64.Build.0 = Release|x64
		{4E15F51B-7EBA-43FE-A1F2-36CF8A923FD7}.Release|x86.ActiveCfg = Release|Win32
		{4E15F51B-7EBA-43FE-A1F2-36CF8A923FD7}.Release|x86.Build.0 = Release|Win32
		{4E15F51B-7EBA-43FE-A1F2-36CF8A923FD7}.Writing|Any CPU.ActiveCfg = Release|x64
		{4E15F51B-7EBA-43FE-A1F2-36CF8A923FD7}.Writing|Any CPU.Build.0 = Release|x64
		{4E15F51B-7EBA-43FE-A1F2-36CF8A923FD7}.Writing|Mixed Platforms.ActiveCfg = Release|Win32
		{4E15F51B-7EBA-43FE-A1F2-36CF8A923FD7}.Writing|Mixed Platforms.Build.0 = Release|Win32
		{4E15F51B-7EBA-43FE-A1F2-36CF8A923FD7}.Writing|Win32.ActiveCfg = Release|Win32
		{4E15F51B-7EBA-43FE-A1F2-36CF8A923FD7}.Writing|Win32.Build.0 = Release|Win32
		{4E15F51B-7EBA-43FE-A1F2-36CF8A923FD7}.Writing|x64.ActiveCfg = Release|x64
		{4E15F51B-7EBA-43FE-A1F2-36CF8A923FD7}.Writing|x64.Build.0 = Release|x64
		{4E15F51B-7EBA-43FE-A1F2-36CF8A923FD7}.Writing|x86.ActiveCfg = Release|Win32
		{4E15F51B-7EBA-43FE-A1F2-36CF8A923FD7}.Writing|x86.Build.0 = Release|Win32
		{231E341A-A86A-48D8-BF2F-6BB5C6E4EEE3}.Debug|Any CPU.ActiveCfg = Debug|Any CPU
		{231E341A-A86A-48D8-BF2F-6BB5C6E4EEE3}.Debug|Any CPU.Build.0 = Debug|Any CPU
		{231E341A-A86A-48D8-BF2F-6BB5C6E4EEE3}.Debug|Mixed Platforms.ActiveCfg = Debug|Any CPU
		{231E341A-A86A-48D8-BF2F-6BB5C6E4EEE3}.Debug|Mixed Platforms.Build.0 = Debug|Any CPU
		{231E341A-A86A-48D8-BF2F-6BB5C6E4EEE3}.Debug|Win32.ActiveCfg = Debug|Any CPU
		{231E341A-A86A-48D8-BF2F-6BB5C6E4EEE3}.Debug|Win32.Build.0 = Debug|Any CPU
		{231E341A-A86A-48D8-BF2F-6BB5C6E4EEE3}.Debug|x64.ActiveCfg = Debug|x64
		{231E341A-A86A-48D8-BF2F-6BB5C6E4EEE3}.Debug|x64.Build.0 = Debug|x64
		{231E341A-A86A-48D8-BF2F-6BB5C6E4EEE3}.Debug|x86.ActiveCfg = Debug|x86
		{231E341A-A86A-48D8-BF2F-6BB5C6E4EEE3}.Debug|x86.Build.0 = Debug|x86
		{231E341A-A86A-48D8-BF2F-6BB5C6E4EEE3}.Release|Any CPU.ActiveCfg = Release|Any CPU
		{231E341A-A86A-48D8-BF2F-6BB5C6E4EEE3}.Release|Any CPU.Build.0 = Release|Any CPU
		{231E341A-A86A-48D8-BF2F-6BB5C6E4EEE3}.Release|Mixed Platforms.ActiveCfg = Release|Any CPU
		{231E341A-A86A-48D8-BF2F-6BB5C6E4EEE3}.Release|Mixed Platforms.Build.0 = Release|Any CPU
		{231E341A-A86A-48D8-BF2F-6BB5C6E4EEE3}.Release|Win32.ActiveCfg = Release|Any CPU
		{231E341A-A86A-48D8-BF2F-6BB5C6E4EEE3}.Release|x64.ActiveCfg = Release|Any CPU
		{231E341A-A86A-48D8-BF2F-6BB5C6E4EEE3}.Release|x64.Build.0 = Release|Any CPU
		{231E341A-A86A-48D8-BF2F-6BB5C6E4EEE3}.Release|x86.ActiveCfg = Release|x86
		{231E341A-A86A-48D8-BF2F-6BB5C6E4EEE3}.Release|x86.Build.0 = Release|x86
		{231E341A-A86A-48D8-BF2F-6BB5C6E4EEE3}.Writing|Any CPU.ActiveCfg = Release|Any CPU
		{231E341A-A86A-48D8-BF2F-6BB5C6E4EEE3}.Writing|Any CPU.Build.0 = Release|Any CPU
		{231E341A-A86A-48D8-BF2F-6BB5C6E4EEE3}.Writing|Mixed Platforms.ActiveCfg = Release|x86
		{231E341A-A86A-48D8-BF2F-6BB5C6E4EEE3}.Writing|Mixed Platforms.Build.0 = Release|x86
		{231E341A-A86A-48D8-BF2F-6BB5C6E4EEE3}.Writing|Win32.ActiveCfg = Release|x86
		{231E341A-A86A-48D8-BF2F-6BB5C6E4EEE3}.Writing|Win32.Build.0 = Release|x86
		{231E341A-A86A-48D8-BF2F-6BB5C6E4EEE3}.Writing|x64.ActiveCfg = Release|Any CPU
		{231E341A-A86A-48D8-BF2F-6BB5C6E4EEE3}.Writing|x64.Build.0 = Release|Any CPU
		{231E341A-A86A-48D8-BF2F-6BB5C6E4EEE3}.Writing|x86.ActiveCfg = Release|x86
		{231E341A-A86A-48D8-BF2F-6BB5C6E4EEE3}.Writing|x86.Build.0 = Release|x86
		{B3817183-2D30-4A13-A60B-A77AD6C1D98F}.Debug|Any CPU.ActiveCfg = Debug|Any CPU
		{B3817183-2D30-4A13-A60B-A77AD6C1D98F}.Debug|Any CPU.Build.0 = Debug|Any CPU
		{B3817183-2D30-4A13-A60B-A77AD6C1D98F}.Debug|Mixed Platforms.ActiveCfg = Debug|Any CPU
		{B3817183-2D30-4A13-A60B-A77AD6C1D98F}.Debug|Mixed Platforms.Build.0 = Debug|Any CPU
		{B3817183-2D30-4A13-A60B-A77AD6C1D98F}.Debug|Win32.ActiveCfg = Debug|Any CPU
		{B3817183-2D30-4A13-A60B-A77AD6C1D98F}.Debug|x64.ActiveCfg = Debug|x64
		{B3817183-2D30-4A13-A60B-A77AD6C1D98F}.Debug|x64.Build.0 = Debug|x64
		{B3817183-2D30-4A13-A60B-A77AD6C1D98F}.Debug|x86.ActiveCfg = Debug|x86
		{B3817183-2D30-4A13-A60B-A77AD6C1D98F}.Debug|x86.Build.0 = Debug|x86
		{B3817183-2D30-4A13-A60B-A77AD6C1D98F}.Release|Any CPU.ActiveCfg = Release|Any CPU
		{B3817183-2D30-4A13-A60B-A77AD6C1D98F}.Release|Any CPU.Build.0 = Release|Any CPU
		{B3817183-2D30-4A13-A60B-A77AD6C1D98F}.Release|Mixed Platforms.ActiveCfg = Release|Any CPU
		{B3817183-2D30-4A13-A60B-A77AD6C1D98F}.Release|Mixed Platforms.Build.0 = Release|Any CPU
		{B3817183-2D30-4A13-A60B-A77AD6C1D98F}.Release|Win32.ActiveCfg = Release|Any CPU
		{B3817183-2D30-4A13-A60B-A77AD6C1D98F}.Release|x64.ActiveCfg = Release|Any CPU
		{B3817183-2D30-4A13-A60B-A77AD6C1D98F}.Release|x64.Build.0 = Release|Any CPU
		{B3817183-2D30-4A13-A60B-A77AD6C1D98F}.Release|x86.ActiveCfg = Release|Any CPU
		{B3817183-2D30-4A13-A60B-A77AD6C1D98F}.Release|x86.Build.0 = Release|Any CPU
		{B3817183-2D30-4A13-A60B-A77AD6C1D98F}.Writing|Any CPU.ActiveCfg = Release|Any CPU
		{B3817183-2D30-4A13-A60B-A77AD6C1D98F}.Writing|Any CPU.Build.0 = Release|Any CPU
		{B3817183-2D30-4A13-A60B-A77AD6C1D98F}.Writing|Mixed Platforms.ActiveCfg = Release|Any CPU
		{B3817183-2D30-4A13-A60B-A77AD6C1D98F}.Writing|Mixed Platforms.Build.0 = Release|Any CPU
		{B3817183-2D30-4A13-A60B-A77AD6C1D98F}.Writing|Win32.ActiveCfg = Release|Any CPU
		{B3817183-2D30-4A13-A60B-A77AD6C1D98F}.Writing|Win32.Build.0 = Release|Any CPU
		{B3817183-2D30-4A13-A60B-A77AD6C1D98F}.Writing|x64.ActiveCfg = Release|Any CPU
		{B3817183-2D30-4A13-A60B-A77AD6C1D98F}.Writing|x64.Build.0 = Release|Any CPU
		{B3817183-2D30-4A13-A60B-A77AD6C1D98F}.Writing|x86.ActiveCfg = Release|Any CPU
		{B3817183-2D30-4A13-A60B-A77AD6C1D98F}.Writing|x86.Build.0 = Release|Any CPU
		{E3278D97-9BCD-428D-B585-2F2E785314DB}.Debug|Any CPU.ActiveCfg = Debug|Win32
		{E3278D97-9BCD-428D-B585-2F2E785314DB}.Debug|Mixed Platforms.ActiveCfg = Debug|Win32
		{E3278D97-9BCD-428D-B585-2F2E785314DB}.Debug|Mixed Platforms.Build.0 = Debug|Win32
		{E3278D97-9BCD-428D-B585-2F2E785314DB}.Debug|Win32.ActiveCfg = Debug|Win32
		{E3278D97-9BCD-428D-B585-2F2E785314DB}.Debug|Win32.Build.0 = Debug|Win32
		{E3278D97-9BCD-428D-B585-2F2E785314DB}.Debug|x64.ActiveCfg = Debug|x64
		{E3278D97-9BCD-428D-B585-2F2E785314DB}.Debug|x64.Build.0 = Debug|x64
		{E3278D97-9BCD-428D-B585-2F2E785314DB}.Debug|x86.ActiveCfg = Debug|Win32
		{E3278D97-9BCD-428D-B585-2F2E785314DB}.Debug|x86.Build.0 = Debug|Win32
		{E3278D97-9BCD-428D-B585-2F2E785314DB}.Release|Any CPU.ActiveCfg = Release|Win32
		{E3278D97-9BCD-428D-B585-2F2E785314DB}.Release|Mixed Platforms.ActiveCfg = Release|Win32
		{E3278D97-9BCD-428D-B585-2F2E785314DB}.Release|Mixed Platforms.Build.0 = Release|Win32
		{E3278D97-9BCD-428D-B585-2F2E785314DB}.Release|Win32.ActiveCfg = Release|Win32
		{E3278D97-9BCD-428D-B585-2F2E785314DB}.Release|Win32.Build.0 = Release|Win32
		{E3278D97-9BCD-428D-B585-2F2E785314DB}.Release|x64.ActiveCfg = Release|x64
		{E3278D97-9BCD-428D-B585-2F2E785314DB}.Release|x64.Build.0 = Release|x64
		{E3278D97-9BCD-428D-B585-2F2E785314DB}.Release|x86.ActiveCfg = Release|Win32
		{E3278D97-9BCD-428D-B585-2F2E785314DB}.Release|x86.Build.0 = Release|Win32
		{E3278D97-9BCD-428D-B585-2F2E785314DB}.Writing|Any CPU.ActiveCfg = Release|x64
		{E3278D97-9BCD-428D-B585-2F2E785314DB}.Writing|Any CPU.Build.0 = Release|x64
		{E3278D97-9BCD-428D-B585-2F2E785314DB}.Writing|Mixed Platforms.ActiveCfg = Release|Win32
		{E3278D97-9BCD-428D-B585-2F2E785314DB}.Writing|Mixed Platforms.Build.0 = Release|Win32
		{E3278D97-9BCD-428D-B585-2F2E785314DB}.Writing|Win32.ActiveCfg = Release|Win32
		{E3278D97-9BCD-428D-B585-2F2E785314DB}.Writing|Win32.Build.0 = Release|Win32
		{E3278D97-9BCD-428D-B585-2F2E785314DB}.Writing|x64.ActiveCfg = Release|x64
		{E3278D97-9BCD-428D-B585-2F2E785314DB}.Writing|x64.Build.0 = Release|x64
		{E3278D97-9BCD-428D-B585-2F2E785314DB}.Writing|x86.ActiveCfg = Release|Win32
		{E3278D97-9BCD-428D-B585-2F2E785314DB}.Writing|x86.Build.0 = Release|Win32
		{D0004613-5E6E-4112-8CD3-E0656E48CCA9}.Debug|Any CPU.ActiveCfg = Debug|Win32
		{D0004613-5E6E-4112-8CD3-E0656E48CCA9}.Debug|Mixed Platforms.ActiveCfg = Debug|Win32
		{D0004613-5E6E-4112-8CD3-E0656E48CCA9}.Debug|Mixed Platforms.Build.0 = Debug|Win32
		{D0004613-5E6E-4112-8CD3-E0656E48CCA9}.Debug|Win32.ActiveCfg = Debug|Win32
		{D0004613-5E6E-4112-8CD3-E0656E48CCA9}.Debug|Win32.Build.0 = Debug|Win32
		{D0004613-5E6E-4112-8CD3-E0656E48CCA9}.Debug|x64.ActiveCfg = Debug|x64
		{D0004613-5E6E-4112-8CD3-E0656E48CCA9}.Debug|x64.Build.0 = Debug|x64
		{D0004613-5E6E-4112-8CD3-E0656E48CCA9}.Debug|x86.ActiveCfg = Debug|Win32
		{D0004613-5E6E-4112-8CD3-E0656E48CCA9}.Debug|x86.Build.0 = Debug|Win32
		{D0004613-5E6E-4112-8CD3-E0656E48CCA9}.Release|Any CPU.ActiveCfg = Release|Win32
		{D0004613-5E6E-4112-8CD3-E0656E48CCA9}.Release|Mixed Platforms.ActiveCfg = Release|Win32
		{D0004613-5E6E-4112-8CD3-E0656E48CCA9}.Release|Mixed Platforms.Build.0 = Release|Win32
		{D0004613-5E6E-4112-8CD3-E0656E48CCA9}.Release|Win32.ActiveCfg = Release|Win32
		{D0004613-5E6E-4112-8CD3-E0656E48CCA9}.Release|Win32.Build.0 = Release|Win32
		{D0004613-5E6E-4112-8CD3-E0656E48CCA9}.Release|x64.ActiveCfg = Release|x64
		{D0004613-5E6E-4112-8CD3-E0656E48CCA9}.Release|x64.Build.0 = Release|x64
		{D0004613-5E6E-4112-8CD3-E0656E48CCA9}.Release|x86.ActiveCfg = Release|Win32
		{D0004613-5E6E-4112-8CD3-E0656E48CCA9}.Release|x86.Build.0 = Release|Win32
		{D0004613-5E6E-4112-8CD3-E0656E48CCA9}.Writing|Any CPU.ActiveCfg = Release|x64
		{D0004613-5E6E-4112-8CD3-E0656E48CCA9}.Writing|Any CPU.Build.0 = Release|x64
		{D0004613-5E6E-4112-8CD3-E0656E48CCA9}.Writing|Mixed Platforms.ActiveCfg = Release|Win32
		{D0004613-5E6E-4112-8CD3-E0656E48CCA9}.Writing|Mixed Platforms.Build.0 = Release|Win32
		{D0004613-5E6E-4112-8CD3-E0656E48CCA9}.Writing|Win32.ActiveCfg = Release|Win32
		{D0004613-5E6E-4112-8CD3-E0656E48CCA9}.Writing|Win32.Build.0 = Release|Win32
		{D0004613-5E6E-4112-8CD3-E0656E48CCA9}.Writing|x64.ActiveCfg = Release|x64
		{D0004613-5E6E-4112-8CD3-E0656E48CCA9}.Writing|x64.Build.0 = Release|x64
		{D0004613-5E6E-4112-8CD3-E0656E48CCA9}.Writing|x86.ActiveCfg = Release|Win32
		{D0004613-5E6E-4112-8CD3-E0656E48CCA9}.Writing|x86.Build.0 = Release|Win32
		{615BFEA7-C826-4799-88CE-F2E57CF5325F}.Debug|Any CPU.ActiveCfg = Debug|Any CPU
		{615BFEA7-C826-4799-88CE-F2E57CF5325F}.Debug|Any CPU.Build.0 = Debug|Any CPU
		{615BFEA7-C826-4799-88CE-F2E57CF5325F}.Debug|Mixed Platforms.ActiveCfg = Debug|x86
		{615BFEA7-C826-4799-88CE-F2E57CF5325F}.Debug|Mixed Platforms.Build.0 = Debug|x86
		{615BFEA7-C826-4799-88CE-F2E57CF5325F}.Debug|Win32.ActiveCfg = Debug|x86
		{615BFEA7-C826-4799-88CE-F2E57CF5325F}.Debug|Win32.Build.0 = Debug|x86
		{615BFEA7-C826-4799-88CE-F2E57CF5325F}.Debug|x64.ActiveCfg = Debug|x64
		{615BFEA7-C826-4799-88CE-F2E57CF5325F}.Debug|x64.Build.0 = Debug|x64
		{615BFEA7-C826-4799-88CE-F2E57CF5325F}.Debug|x86.ActiveCfg = Debug|x86
		{615BFEA7-C826-4799-88CE-F2E57CF5325F}.Debug|x86.Build.0 = Debug|x86
		{615BFEA7-C826-4799-88CE-F2E57CF5325F}.Release|Any CPU.ActiveCfg = Release|Any CPU
		{615BFEA7-C826-4799-88CE-F2E57CF5325F}.Release|Any CPU.Build.0 = Release|Any CPU
		{615BFEA7-C826-4799-88CE-F2E57CF5325F}.Release|Mixed Platforms.ActiveCfg = Release|x86
		{615BFEA7-C826-4799-88CE-F2E57CF5325F}.Release|Mixed Platforms.Build.0 = Release|x86
		{615BFEA7-C826-4799-88CE-F2E57CF5325F}.Release|Win32.ActiveCfg = Release|x86
		{615BFEA7-C826-4799-88CE-F2E57CF5325F}.Release|Win32.Build.0 = Release|x86
		{615BFEA7-C826-4799-88CE-F2E57CF5325F}.Release|x64.ActiveCfg = Release|x64
		{615BFEA7-C826-4799-88CE-F2E57CF5325F}.Release|x64.Build.0 = Release|x64
		{615BFEA7-C826-4799-88CE-F2E57CF5325F}.Release|x86.ActiveCfg = Release|x86
		{615BFEA7-C826-4799-88CE-F2E57CF5325F}.Release|x86.Build.0 = Release|x86
		{615BFEA7-C826-4799-88CE-F2E57CF5325F}.Writing|Any CPU.ActiveCfg = Release|Any CPU
		{615BFEA7-C826-4799-88CE-F2E57CF5325F}.Writing|Any CPU.Build.0 = Release|Any CPU
		{615BFEA7-C826-4799-88CE-F2E57CF5325F}.Writing|Mixed Platforms.ActiveCfg = Release|x86
		{615BFEA7-C826-4799-88CE-F2E57CF5325F}.Writing|Mixed Platforms.Build.0 = Release|x86
		{615BFEA7-C826-4799-88CE-F2E57CF5325F}.Writing|Win32.ActiveCfg = Release|x86
		{615BFEA7-C826-4799-88CE-F2E57CF5325F}.Writing|Win32.Build.0 = Release|x86
		{615BFEA7-C826-4799-88CE-F2E57CF5325F}.Writing|x64.ActiveCfg = Release|x64
		{615BFEA7-C826-4799-88CE-F2E57CF5325F}.Writing|x64.Build.0 = Release|x64
		{615BFEA7-C826-4799-88CE-F2E57CF5325F}.Writing|x86.ActiveCfg = Release|x86
		{615BFEA7-C826-4799-88CE-F2E57CF5325F}.Writing|x86.Build.0 = Release|x86
		{0C57E07C-0E4A-4599-ABC2-5DC464691CFF}.Debug|Any CPU.ActiveCfg = Debug|x86
		{0C57E07C-0E4A-4599-ABC2-5DC464691CFF}.Debug|Mixed Platforms.ActiveCfg = Debug|x86
		{0C57E07C-0E4A-4599-ABC2-5DC464691CFF}.Debug|Mixed Platforms.Build.0 = Debug|x86
		{0C57E07C-0E4A-4599-ABC2-5DC464691CFF}.Debug|Win32.ActiveCfg = Debug|x86
		{0C57E07C-0E4A-4599-ABC2-5DC464691CFF}.Debug|Win32.Build.0 = Debug|x86
		{0C57E07C-0E4A-4599-ABC2-5DC464691CFF}.Debug|x64.ActiveCfg = Debug|x64
		{0C57E07C-0E4A-4599-ABC2-5DC464691CFF}.Debug|x64.Build.0 = Debug|x64
		{0C57E07C-0E4A-4599-ABC2-5DC464691CFF}.Debug|x86.ActiveCfg = Debug|x86
		{0C57E07C-0E4A-4599-ABC2-5DC464691CFF}.Debug|x86.Build.0 = Debug|x86
		{0C57E07C-0E4A-4599-ABC2-5DC464691CFF}.Release|Any CPU.ActiveCfg = Release|x86
		{0C57E07C-0E4A-4599-ABC2-5DC464691CFF}.Release|Mixed Platforms.ActiveCfg = Release|x86
		{0C57E07C-0E4A-4599-ABC2-5DC464691CFF}.Release|Mixed Platforms.Build.0 = Release|x86
		{0C57E07C-0E4A-4599-ABC2-5DC464691CFF}.Release|Win32.ActiveCfg = Release|x86
		{0C57E07C-0E4A-4599-ABC2-5DC464691CFF}.Release|Win32.Build.0 = Release|x86
		{0C57E07C-0E4A-4599-ABC2-5DC464691CFF}.Release|x64.ActiveCfg = Release|x64
		{0C57E07C-0E4A-4599-ABC2-5DC464691CFF}.Release|x64.Build.0 = Release|x64
		{0C57E07C-0E4A-4599-ABC2-5DC464691CFF}.Release|x86.ActiveCfg = Release|x86
		{0C57E07C-0E4A-4599-ABC2-5DC464691CFF}.Release|x86.Build.0 = Release|x86
		{0C57E07C-0E4A-4599-ABC2-5DC464691CFF}.Writing|Any CPU.ActiveCfg = Release|x86
		{0C57E07C-0E4A-4599-ABC2-5DC464691CFF}.Writing|Any CPU.Build.0 = Release|x86
		{0C57E07C-0E4A-4599-ABC2-5DC464691CFF}.Writing|Mixed Platforms.ActiveCfg = Release|x86
		{0C57E07C-0E4A-4599-ABC2-5DC464691CFF}.Writing|Mixed Platforms.Build.0 = Release|x86
		{0C57E07C-0E4A-4599-ABC2-5DC464691CFF}.Writing|Win32.ActiveCfg = Release|x86
		{0C57E07C-0E4A-4599-ABC2-5DC464691CFF}.Writing|Win32.Build.0 = Release|x86
		{0C57E07C-0E4A-4599-ABC2-5DC464691CFF}.Writing|x64.ActiveCfg = Release|x64
		{0C57E07C-0E4A-4599-ABC2-5DC464691CFF}.Writing|x64.Build.0 = Release|x64
		{0C57E07C-0E4A-4599-ABC2-5DC464691CFF}.Writing|x86.ActiveCfg = Release|x86
		{0C57E07C-0E4A-4599-ABC2-5DC464691CFF}.Writing|x86.Build.0 = Release|x86
		{7F9578B9-30C4-4E97-B85B-B2CA84681B78}.Debug|Any CPU.ActiveCfg = Debug|Any CPU
		{7F9578B9-30C4-4E97-B85B-B2CA84681B78}.Debug|Any CPU.Build.0 = Debug|Any CPU
		{7F9578B9-30C4-4E97-B85B-B2CA84681B78}.Debug|Mixed Platforms.ActiveCfg = Debug|x86
		{7F9578B9-30C4-4E97-B85B-B2CA84681B78}.Debug|Mixed Platforms.Build.0 = Debug|x86
		{7F9578B9-30C4-4E97-B85B-B2CA84681B78}.Debug|Win32.ActiveCfg = Debug|x86
		{7F9578B9-30C4-4E97-B85B-B2CA84681B78}.Debug|Win32.Build.0 = Debug|x86
		{7F9578B9-30C4-4E97-B85B-B2CA84681B78}.Debug|x64.ActiveCfg = Debug|x64
		{7F9578B9-30C4-4E97-B85B-B2CA84681B78}.Debug|x64.Build.0 = Debug|x64
		{7F9578B9-30C4-4E97-B85B-B2CA84681B78}.Debug|x86.ActiveCfg = Debug|x86
		{7F9578B9-30C4-4E97-B85B-B2CA84681B78}.Debug|x86.Build.0 = Debug|x86
		{7F9578B9-30C4-4E97-B85B-B2CA84681B78}.Release|Any CPU.ActiveCfg = Release|Any CPU
		{7F9578B9-30C4-4E97-B85B-B2CA84681B78}.Release|Any CPU.Build.0 = Release|Any CPU
		{7F9578B9-30C4-4E97-B85B-B2CA84681B78}.Release|Mixed Platforms.ActiveCfg = Release|x86
		{7F9578B9-30C4-4E97-B85B-B2CA84681B78}.Release|Mixed Platforms.Build.0 = Release|x86
		{7F9578B9-30C4-4E97-B85B-B2CA84681B78}.Release|Win32.ActiveCfg = Release|x86
		{7F9578B9-30C4-4E97-B85B-B2CA84681B78}.Release|Win32.Build.0 = Release|x86
		{7F9578B9-30C4-4E97-B85B-B2CA84681B78}.Release|x64.ActiveCfg = Release|x64
		{7F9578B9-30C4-4E97-B85B-B2CA84681B78}.Release|x64.Build.0 = Release|x64
		{7F9578B9-30C4-4E97-B85B-B2CA84681B78}.Release|x86.ActiveCfg = Release|x86
		{7F9578B9-30C4-4E97-B85B-B2CA84681B78}.Release|x86.Build.0 = Release|x86
		{7F9578B9-30C4-4E97-B85B-B2CA84681B78}.Writing|Any CPU.ActiveCfg = Release|Any CPU
		{7F9578B9-30C4-4E97-B85B-B2CA84681B78}.Writing|Any CPU.Build.0 = Release|Any CPU
		{7F9578B9-30C4-4E97-B85B-B2CA84681B78}.Writing|Mixed Platforms.ActiveCfg = Release|x86
		{7F9578B9-30C4-4E97-B85B-B2CA84681B78}.Writing|Mixed Platforms.Build.0 = Release|x86
		{7F9578B9-30C4-4E97-B85B-B2CA84681B78}.Writing|Win32.ActiveCfg = Release|x86
		{7F9578B9-30C4-4E97-B85B-B2CA84681B78}.Writing|Win32.Build.0 = Release|x86
		{7F9578B9-30C4-4E97-B85B-B2CA84681B78}.Writing|x64.ActiveCfg = Release|x64
		{7F9578B9-30C4-4E97-B85B-B2CA84681B78}.Writing|x64.Build.0 = Release|x64
		{7F9578B9-30C4-4E97-B85B-B2CA84681B78}.Writing|x86.ActiveCfg = Release|x86
		{7F9578B9-30C4-4E97-B85B-B2CA84681B78}.Writing|x86.Build.0 = Release|x86
		{41573BED-3EE6-4FBB-9CB6-865647C1DB42}.Debug|Any CPU.ActiveCfg = Debug|Any CPU
		{41573BED-3EE6-4FBB-9CB6-865647C1DB42}.Debug|Any CPU.Build.0 = Debug|Any CPU
		{41573BED-3EE6-4FBB-9CB6-865647C1DB42}.Debug|Mixed Platforms.ActiveCfg = Debug|x86
		{41573BED-3EE6-4FBB-9CB6-865647C1DB42}.Debug|Mixed Platforms.Build.0 = Debug|x86
		{41573BED-3EE6-4FBB-9CB6-865647C1DB42}.Debug|Win32.ActiveCfg = Debug|x86
		{41573BED-3EE6-4FBB-9CB6-865647C1DB42}.Debug|Win32.Build.0 = Debug|x86
		{41573BED-3EE6-4FBB-9CB6-865647C1DB42}.Debug|x64.ActiveCfg = Debug|x64
		{41573BED-3EE6-4FBB-9CB6-865647C1DB42}.Debug|x86.ActiveCfg = Debug|x86
		{41573BED-3EE6-4FBB-9CB6-865647C1DB42}.Release|Any CPU.ActiveCfg = Release|Any CPU
		{41573BED-3EE6-4FBB-9CB6-865647C1DB42}.Release|Any CPU.Build.0 = Release|Any CPU
		{41573BED-3EE6-4FBB-9CB6-865647C1DB42}.Release|Mixed Platforms.ActiveCfg = Release|x86
		{41573BED-3EE6-4FBB-9CB6-865647C1DB42}.Release|Mixed Platforms.Build.0 = Release|x86
		{41573BED-3EE6-4FBB-9CB6-865647C1DB42}.Release|Win32.ActiveCfg = Release|x86
		{41573BED-3EE6-4FBB-9CB6-865647C1DB42}.Release|Win32.Build.0 = Release|x86
		{41573BED-3EE6-4FBB-9CB6-865647C1DB42}.Release|x64.ActiveCfg = Release|x64
		{41573BED-3EE6-4FBB-9CB6-865647C1DB42}.Release|x64.Build.0 = Release|x64
		{41573BED-3EE6-4FBB-9CB6-865647C1DB42}.Release|x86.ActiveCfg = Release|x86
		{41573BED-3EE6-4FBB-9CB6-865647C1DB42}.Release|x86.Build.0 = Release|x86
		{41573BED-3EE6-4FBB-9CB6-865647C1DB42}.Writing|Any CPU.ActiveCfg = Release|Any CPU
		{41573BED-3EE6-4FBB-9CB6-865647C1DB42}.Writing|Any CPU.Build.0 = Release|Any CPU
		{41573BED-3EE6-4FBB-9CB6-865647C1DB42}.Writing|Mixed Platforms.ActiveCfg = Release|x86
		{41573BED-3EE6-4FBB-9CB6-865647C1DB42}.Writing|Mixed Platforms.Build.0 = Release|x86
		{41573BED-3EE6-4FBB-9CB6-865647C1DB42}.Writing|Win32.ActiveCfg = Release|x86
		{41573BED-3EE6-4FBB-9CB6-865647C1DB42}.Writing|Win32.Build.0 = Release|x86
		{41573BED-3EE6-4FBB-9CB6-865647C1DB42}.Writing|x64.ActiveCfg = Release|x64
		{41573BED-3EE6-4FBB-9CB6-865647C1DB42}.Writing|x64.Build.0 = Release|x64
		{41573BED-3EE6-4FBB-9CB6-865647C1DB42}.Writing|x86.ActiveCfg = Release|x86
		{41573BED-3EE6-4FBB-9CB6-865647C1DB42}.Writing|x86.Build.0 = Release|x86
		{088B2327-1594-4762-ADF9-409738344854}.Debug|Any CPU.ActiveCfg = Debug|Any CPU
		{088B2327-1594-4762-ADF9-409738344854}.Debug|Any CPU.Build.0 = Debug|Any CPU
		{088B2327-1594-4762-ADF9-409738344854}.Debug|Mixed Platforms.ActiveCfg = Debug|x86
		{088B2327-1594-4762-ADF9-409738344854}.Debug|Mixed Platforms.Build.0 = Debug|x86
		{088B2327-1594-4762-ADF9-409738344854}.Debug|Win32.ActiveCfg = Debug|x86
		{088B2327-1594-4762-ADF9-409738344854}.Debug|Win32.Build.0 = Debug|x86
		{088B2327-1594-4762-ADF9-409738344854}.Debug|x64.ActiveCfg = Debug|x64
		{088B2327-1594-4762-ADF9-409738344854}.Debug|x64.Build.0 = Debug|x64
		{088B2327-1594-4762-ADF9-409738344854}.Debug|x86.ActiveCfg = Debug|x86
		{088B2327-1594-4762-ADF9-409738344854}.Debug|x86.Build.0 = Debug|x86
		{088B2327-1594-4762-ADF9-409738344854}.Release|Any CPU.ActiveCfg = Release|Any CPU
		{088B2327-1594-4762-ADF9-409738344854}.Release|Any CPU.Build.0 = Release|Any CPU
		{088B2327-1594-4762-ADF9-409738344854}.Release|Mixed Platforms.ActiveCfg = Release|x86
		{088B2327-1594-4762-ADF9-409738344854}.Release|Mixed Platforms.Build.0 = Release|x86
		{088B2327-1594-4762-ADF9-409738344854}.Release|Win32.ActiveCfg = Release|x86
		{088B2327-1594-4762-ADF9-409738344854}.Release|Win32.Build.0 = Release|x86
		{088B2327-1594-4762-ADF9-409738344854}.Release|x64.ActiveCfg = Release|x64
		{088B2327-1594-4762-ADF9-409738344854}.Release|x64.Build.0 = Release|x64
		{088B2327-1594-4762-ADF9-409738344854}.Release|x86.ActiveCfg = Release|x86
		{088B2327-1594-4762-ADF9-409738344854}.Release|x86.Build.0 = Release|x86
		{088B2327-1594-4762-ADF9-409738344854}.Writing|Any CPU.ActiveCfg = Writing|Any CPU
		{088B2327-1594-4762-ADF9-409738344854}.Writing|Any CPU.Build.0 = Writing|Any CPU
		{088B2327-1594-4762-ADF9-409738344854}.Writing|Mixed Platforms.ActiveCfg = Writing|x86
		{088B2327-1594-4762-ADF9-409738344854}.Writing|Mixed Platforms.Build.0 = Writing|x86
		{088B2327-1594-4762-ADF9-409738344854}.Writing|Win32.ActiveCfg = Writing|x86
		{088B2327-1594-4762-ADF9-409738344854}.Writing|Win32.Build.0 = Writing|x86
		{088B2327-1594-4762-ADF9-409738344854}.Writing|x64.ActiveCfg = Writing|x64
		{088B2327-1594-4762-ADF9-409738344854}.Writing|x64.Build.0 = Writing|x64
		{088B2327-1594-4762-ADF9-409738344854}.Writing|x86.ActiveCfg = Writing|x86
		{088B2327-1594-4762-ADF9-409738344854}.Writing|x86.Build.0 = Writing|x86
		{68C6A24A-D428-4D21-83A1-26740D36DC21}.Debug|Any CPU.ActiveCfg = Debug|Any CPU
		{68C6A24A-D428-4D21-83A1-26740D36DC21}.Debug|Any CPU.Build.0 = Debug|Any CPU
		{68C6A24A-D428-4D21-83A1-26740D36DC21}.Debug|Mixed Platforms.ActiveCfg = Debug|x86
		{68C6A24A-D428-4D21-83A1-26740D36DC21}.Debug|Mixed Platforms.Build.0 = Debug|x86
		{68C6A24A-D428-4D21-83A1-26740D36DC21}.Debug|Win32.ActiveCfg = Debug|x86
		{68C6A24A-D428-4D21-83A1-26740D36DC21}.Debug|Win32.Build.0 = Debug|x86
		{68C6A24A-D428-4D21-83A1-26740D36DC21}.Debug|x64.ActiveCfg = Debug|x64
		{68C6A24A-D428-4D21-83A1-26740D36DC21}.Debug|x64.Build.0 = Debug|x64
		{68C6A24A-D428-4D21-83A1-26740D36DC21}.Debug|x86.ActiveCfg = Debug|x86
		{68C6A24A-D428-4D21-83A1-26740D36DC21}.Debug|x86.Build.0 = Debug|x86
		{68C6A24A-D428-4D21-83A1-26740D36DC21}.Release|Any CPU.ActiveCfg = Release|Any CPU
		{68C6A24A-D428-4D21-83A1-26740D36DC21}.Release|Any CPU.Build.0 = Release|Any CPU
		{68C6A24A-D428-4D21-83A1-26740D36DC21}.Release|Mixed Platforms.ActiveCfg = Release|x86
		{68C6A24A-D428-4D21-83A1-26740D36DC21}.Release|Mixed Platforms.Build.0 = Release|x86
		{68C6A24A-D428-4D21-83A1-26740D36DC21}.Release|Win32.ActiveCfg = Release|x86
		{68C6A24A-D428-4D21-83A1-26740D36DC21}.Release|Win32.Build.0 = Release|x86
		{68C6A24A-D428-4D21-83A1-26740D36DC21}.Release|x64.ActiveCfg = Release|x64
		{68C6A24A-D428-4D21-83A1-26740D36DC21}.Release|x64.Build.0 = Release|x64
		{68C6A24A-D428-4D21-83A1-26740D36DC21}.Release|x86.ActiveCfg = Release|x86
		{68C6A24A-D428-4D21-83A1-26740D36DC21}.Release|x86.Build.0 = Release|x86
		{68C6A24A-D428-4D21-83A1-26740D36DC21}.Writing|Any CPU.ActiveCfg = Writing|Any CPU
		{68C6A24A-D428-4D21-83A1-26740D36DC21}.Writing|Any CPU.Build.0 = Writing|Any CPU
		{68C6A24A-D428-4D21-83A1-26740D36DC21}.Writing|Mixed Platforms.ActiveCfg = Writing|x86
		{68C6A24A-D428-4D21-83A1-26740D36DC21}.Writing|Mixed Platforms.Build.0 = Writing|x86
		{68C6A24A-D428-4D21-83A1-26740D36DC21}.Writing|Win32.ActiveCfg = Writing|x86
		{68C6A24A-D428-4D21-83A1-26740D36DC21}.Writing|Win32.Build.0 = Writing|x86
		{68C6A24A-D428-4D21-83A1-26740D36DC21}.Writing|x64.ActiveCfg = Writing|x64
		{68C6A24A-D428-4D21-83A1-26740D36DC21}.Writing|x64.Build.0 = Writing|x64
		{68C6A24A-D428-4D21-83A1-26740D36DC21}.Writing|x86.ActiveCfg = Writing|x86
		{68C6A24A-D428-4D21-83A1-26740D36DC21}.Writing|x86.Build.0 = Writing|x86
		{474B9FC5-A29A-4C38-B96A-C82B4E5130BD}.Debug|Any CPU.ActiveCfg = Debug|Any CPU
		{474B9FC5-A29A-4C38-B96A-C82B4E5130BD}.Debug|Any CPU.Build.0 = Debug|Any CPU
		{474B9FC5-A29A-4C38-B96A-C82B4E5130BD}.Debug|Mixed Platforms.ActiveCfg = Debug|x86
		{474B9FC5-A29A-4C38-B96A-C82B4E5130BD}.Debug|Mixed Platforms.Build.0 = Debug|x86
		{474B9FC5-A29A-4C38-B96A-C82B4E5130BD}.Debug|Win32.ActiveCfg = Debug|x86
		{474B9FC5-A29A-4C38-B96A-C82B4E5130BD}.Debug|Win32.Build.0 = Debug|x86
		{474B9FC5-A29A-4C38-B96A-C82B4E5130BD}.Debug|x64.ActiveCfg = Debug|x64
		{474B9FC5-A29A-4C38-B96A-C82B4E5130BD}.Debug|x64.Build.0 = Debug|x64
		{474B9FC5-A29A-4C38-B96A-C82B4E5130BD}.Debug|x86.ActiveCfg = Debug|x86
		{474B9FC5-A29A-4C38-B96A-C82B4E5130BD}.Debug|x86.Build.0 = Debug|x86
		{474B9FC5-A29A-4C38-B96A-C82B4E5130BD}.Release|Any CPU.ActiveCfg = Release|Any CPU
		{474B9FC5-A29A-4C38-B96A-C82B4E5130BD}.Release|Any CPU.Build.0 = Release|Any CPU
		{474B9FC5-A29A-4C38-B96A-C82B4E5130BD}.Release|Mixed Platforms.ActiveCfg = Release|x86
		{474B9FC5-A29A-4C38-B96A-C82B4E5130BD}.Release|Mixed Platforms.Build.0 = Release|x86
		{474B9FC5-A29A-4C38-B96A-C82B4E5130BD}.Release|Win32.ActiveCfg = Release|x86
		{474B9FC5-A29A-4C38-B96A-C82B4E5130BD}.Release|Win32.Build.0 = Release|x86
		{474B9FC5-A29A-4C38-B96A-C82B4E5130BD}.Release|x64.ActiveCfg = Release|x64
		{474B9FC5-A29A-4C38-B96A-C82B4E5130BD}.Release|x64.Build.0 = Release|x64
		{474B9FC5-A29A-4C38-B96A-C82B4E5130BD}.Release|x86.ActiveCfg = Release|x86
		{474B9FC5-A29A-4C38-B96A-C82B4E5130BD}.Release|x86.Build.0 = Release|x86
		{474B9FC5-A29A-4C38-B96A-C82B4E5130BD}.Writing|Any CPU.ActiveCfg = Release|Any CPU
		{474B9FC5-A29A-4C38-B96A-C82B4E5130BD}.Writing|Any CPU.Build.0 = Release|Any CPU
		{474B9FC5-A29A-4C38-B96A-C82B4E5130BD}.Writing|Mixed Platforms.ActiveCfg = Release|x86
		{474B9FC5-A29A-4C38-B96A-C82B4E5130BD}.Writing|Mixed Platforms.Build.0 = Release|x86
		{474B9FC5-A29A-4C38-B96A-C82B4E5130BD}.Writing|Win32.ActiveCfg = Release|x86
		{474B9FC5-A29A-4C38-B96A-C82B4E5130BD}.Writing|Win32.Build.0 = Release|x86
		{474B9FC5-A29A-4C38-B96A-C82B4E5130BD}.Writing|x64.ActiveCfg = Release|x64
		{474B9FC5-A29A-4C38-B96A-C82B4E5130BD}.Writing|x64.Build.0 = Release|x64
		{474B9FC5-A29A-4C38-B96A-C82B4E5130BD}.Writing|x86.ActiveCfg = Release|x86
		{474B9FC5-A29A-4C38-B96A-C82B4E5130BD}.Writing|x86.Build.0 = Release|x86
		{6DA20DBA-514F-408A-9C57-B367ACEEE173}.Debug|Any CPU.ActiveCfg = Debug|Any CPU
		{6DA20DBA-514F-408A-9C57-B367ACEEE173}.Debug|Any CPU.Build.0 = Debug|Any CPU
		{6DA20DBA-514F-408A-9C57-B367ACEEE173}.Debug|Mixed Platforms.ActiveCfg = Debug|Any CPU
		{6DA20DBA-514F-408A-9C57-B367ACEEE173}.Debug|Mixed Platforms.Build.0 = Debug|Any CPU
		{6DA20DBA-514F-408A-9C57-B367ACEEE173}.Debug|Win32.ActiveCfg = Debug|Any CPU
		{6DA20DBA-514F-408A-9C57-B367ACEEE173}.Debug|Win32.Build.0 = Debug|Any CPU
		{6DA20DBA-514F-408A-9C57-B367ACEEE173}.Debug|x64.ActiveCfg = Debug|x64
		{6DA20DBA-514F-408A-9C57-B367ACEEE173}.Debug|x64.Build.0 = Debug|x64
		{6DA20DBA-514F-408A-9C57-B367ACEEE173}.Debug|x86.ActiveCfg = Debug|x86
		{6DA20DBA-514F-408A-9C57-B367ACEEE173}.Debug|x86.Build.0 = Debug|x86
		{6DA20DBA-514F-408A-9C57-B367ACEEE173}.Release|Any CPU.ActiveCfg = Release|Any CPU
		{6DA20DBA-514F-408A-9C57-B367ACEEE173}.Release|Any CPU.Build.0 = Release|Any CPU
		{6DA20DBA-514F-408A-9C57-B367ACEEE173}.Release|Mixed Platforms.ActiveCfg = Release|Any CPU
		{6DA20DBA-514F-408A-9C57-B367ACEEE173}.Release|Mixed Platforms.Build.0 = Release|Any CPU
		{6DA20DBA-514F-408A-9C57-B367ACEEE173}.Release|Win32.ActiveCfg = Release|Any CPU
		{6DA20DBA-514F-408A-9C57-B367ACEEE173}.Release|Win32.Build.0 = Release|Any CPU
		{6DA20DBA-514F-408A-9C57-B367ACEEE173}.Release|x64.ActiveCfg = Release|Any CPU
		{6DA20DBA-514F-408A-9C57-B367ACEEE173}.Release|x64.Build.0 = Release|Any CPU
		{6DA20DBA-514F-408A-9C57-B367ACEEE173}.Release|x86.ActiveCfg = Release|Any CPU
		{6DA20DBA-514F-408A-9C57-B367ACEEE173}.Release|x86.Build.0 = Release|Any CPU
		{6DA20DBA-514F-408A-9C57-B367ACEEE173}.Writing|Any CPU.ActiveCfg = Release|Any CPU
		{6DA20DBA-514F-408A-9C57-B367ACEEE173}.Writing|Any CPU.Build.0 = Release|Any CPU
		{6DA20DBA-514F-408A-9C57-B367ACEEE173}.Writing|Mixed Platforms.ActiveCfg = Release|Any CPU
		{6DA20DBA-514F-408A-9C57-B367ACEEE173}.Writing|Mixed Platforms.Build.0 = Release|Any CPU
		{6DA20DBA-514F-408A-9C57-B367ACEEE173}.Writing|Win32.ActiveCfg = Release|Any CPU
		{6DA20DBA-514F-408A-9C57-B367ACEEE173}.Writing|Win32.Build.0 = Release|Any CPU
		{6DA20DBA-514F-408A-9C57-B367ACEEE173}.Writing|x64.ActiveCfg = Release|Any CPU
		{6DA20DBA-514F-408A-9C57-B367ACEEE173}.Writing|x64.Build.0 = Release|Any CPU
		{6DA20DBA-514F-408A-9C57-B367ACEEE173}.Writing|x86.ActiveCfg = Release|Any CPU
		{6DA20DBA-514F-408A-9C57-B367ACEEE173}.Writing|x86.Build.0 = Release|Any CPU
	EndGlobalSection
	GlobalSection(SolutionProperties) = preSolution
		HideSolutionNode = FALSE
	EndGlobalSection
	GlobalSection(NestedProjects) = preSolution
		{088B2327-1594-4762-ADF9-409738344854} = {D3407CDE-AA93-4B86-B8B4-C98708A6C708}
		{68C6A24A-D428-4D21-83A1-26740D36DC21} = {D3407CDE-AA93-4B86-B8B4-C98708A6C708}
		{474B9FC5-A29A-4C38-B96A-C82B4E5130BD} = {D3407CDE-AA93-4B86-B8B4-C98708A6C708}
		{6DA20DBA-514F-408A-9C57-B367ACEEE173} = {D3407CDE-AA93-4B86-B8B4-C98708A6C708}
	EndGlobalSection
EndGlobal
